
Microsoft Visual Studio Solution File, Format Version 12.00
# Visual Studio Version 16
VisualStudioVersion = 16.0.29409.12
MinimumVisualStudioVersion = 10.0.40219.1
Project("{FAE04EC0-301F-11D3-BF4B-00C04F79EFBC}") = "OcrMinion", "OcrMinion\OcrMinion.csproj", "{8019F9CB-0E88-4FCB-B59A-5825BDE443B6}"
EndProject
Global
	GlobalSection(SolutionConfigurationPlatforms) = preSolution
		Debug|Any CPU = Debug|Any CPU
		Release|Any CPU = Release|Any CPU
	EndGlobalSection
	GlobalSection(ProjectConfigurationPlatforms) = postSolution
		{8019F9CB-0E88-4FCB-B59A-5825BDE443B6}.Debug|Any CPU.ActiveCfg = Debug|Any CPU
		{8019F9CB-0E88-4FCB-B59A-5825BDE443B6}.Debug|Any CPU.Build.0 = Debug|Any CPU
		{8019F9CB-0E88-4FCB-B59A-5825BDE443B6}.Release|Any CPU.ActiveCfg = Release|Any CPU
		{8019F9CB-0E88-4FCB-B59A-5825BDE443B6}.Release|Any CPU.Build.0 = Release|Any CPU
	EndGlobalSection
	GlobalSection(SolutionProperties) = preSolution
		HideSolutionNode = FALSE
	EndGlobalSection
	GlobalSection(ExtensibilityGlobals) = postSolution
		SolutionGuid = {6663CEDB-7070-462D-99AF-8C9C84CE4215}
	EndGlobalSection
EndGlobal
